// !$*UTF8*$!
{
	archiveVersion = 1;
	classes = {
	};
	objectVersion = 56;
	objects = {

/* Begin PBXBuildFile section */
		4343CF7508F0EECA30D97267 /* Pods_MoviesTests.framework in Frameworks */ = {isa = PBXBuildFile; fileRef = 40EC60E20530D809DC03EF1E /* Pods_MoviesTests.framework */; };
		9A4DC2062AD8C7EC00FAEC2E /* AppDelegate.swift in Sources */ = {isa = PBXBuildFile; fileRef = 9A4DC2052AD8C7EC00FAEC2E /* AppDelegate.swift */; };
		9A4DC20F2AD8C7EE00FAEC2E /* Assets.xcassets in Resources */ = {isa = PBXBuildFile; fileRef = 9A4DC20E2AD8C7EE00FAEC2E /* Assets.xcassets */; };
		9A4DC2122AD8C7EE00FAEC2E /* LaunchScreen.storyboard in Resources */ = {isa = PBXBuildFile; fileRef = 9A4DC2102AD8C7EE00FAEC2E /* LaunchScreen.storyboard */; };
		9A4DC2232AD8C96A00FAEC2E /* MoviesTests.swift in Sources */ = {isa = PBXBuildFile; fileRef = 9A4DC2222AD8C96A00FAEC2E /* MoviesTests.swift */; };
		9A4DC22A2AD8C98900FAEC2E /* GlobalConstants.swift in Sources */ = {isa = PBXBuildFile; fileRef = 9A4DC2292AD8C98900FAEC2E /* GlobalConstants.swift */; };
		9A4DC22C2AD8CB0D00FAEC2E /* SearchCoordinator.swift in Sources */ = {isa = PBXBuildFile; fileRef = 9A4DC22B2AD8CB0D00FAEC2E /* SearchCoordinator.swift */; };
		9A4DC22F2AD8D0DF00FAEC2E /* AppCoordinator.swift in Sources */ = {isa = PBXBuildFile; fileRef = 9A4DC22E2AD8D0DF00FAEC2E /* AppCoordinator.swift */; };
		9A4DC2322AD8D11800FAEC2E /* DetailedCoordinator.swift in Sources */ = {isa = PBXBuildFile; fileRef = 9A4DC2312AD8D11800FAEC2E /* DetailedCoordinator.swift */; };
		9A4DC2352AD8D6A400FAEC2E /* Storyboardable.swift in Sources */ = {isa = PBXBuildFile; fileRef = 9A4DC2342AD8D6A400FAEC2E /* Storyboardable.swift */; };
		9A4DC2392AD8D72900FAEC2E /* SearchViewController.swift in Sources */ = {isa = PBXBuildFile; fileRef = 9A4DC2382AD8D72900FAEC2E /* SearchViewController.swift */; };
		9A4DC23B2AD8D74100FAEC2E /* DetailedViewController.swift in Sources */ = {isa = PBXBuildFile; fileRef = 9A4DC23A2AD8D74100FAEC2E /* DetailedViewController.swift */; };
		9A4DC23E2AD8D76E00FAEC2E /* DetailedPresenter.swift in Sources */ = {isa = PBXBuildFile; fileRef = 9A4DC23D2AD8D76E00FAEC2E /* DetailedPresenter.swift */; };
		9A4DC2412AD8D7B500FAEC2E /* SearchPresenter.swift in Sources */ = {isa = PBXBuildFile; fileRef = 9A4DC2402AD8D7B500FAEC2E /* SearchPresenter.swift */; };
		9A4DC2432AD8D81D00FAEC2E /* DetailedAssembly.swift in Sources */ = {isa = PBXBuildFile; fileRef = 9A4DC2422AD8D81D00FAEC2E /* DetailedAssembly.swift */; };
		9A4DC2472AD8D84100FAEC2E /* Search.storyboard in Resources */ = {isa = PBXBuildFile; fileRef = 9A4DC2462AD8D84100FAEC2E /* Search.storyboard */; };
		9A4DC24B2AD8DB8800FAEC2E /* MovieListCell.swift in Sources */ = {isa = PBXBuildFile; fileRef = 9A4DC2492AD8DB8800FAEC2E /* MovieListCell.swift */; };
		9A4DC24C2AD8DB8800FAEC2E /* MovieListCell.xib in Resources */ = {isa = PBXBuildFile; fileRef = 9A4DC24A2AD8DB8800FAEC2E /* MovieListCell.xib */; };
		9A4DC2512AD8E1F100FAEC2E /* NetworkAssembly.swift in Sources */ = {isa = PBXBuildFile; fileRef = 9A4DC2502AD8E1F100FAEC2E /* NetworkAssembly.swift */; };
		9A4DC2562AD8E2CF00FAEC2E /* SearchAssebly.swift in Sources */ = {isa = PBXBuildFile; fileRef = 9A4DC2552AD8E2CF00FAEC2E /* SearchAssebly.swift */; };
		9A4DC2582AD8EA7100FAEC2E /* Main.storyboard in Resources */ = {isa = PBXBuildFile; fileRef = 9A4DC2572AD8EA7100FAEC2E /* Main.storyboard */; };
		9A4DC25B2AD8ECAE00FAEC2E /* BaseCoordinator.swift in Sources */ = {isa = PBXBuildFile; fileRef = 9A4DC25A2AD8ECAE00FAEC2E /* BaseCoordinator.swift */; };
		9A4DC25D2AD8F0FF00FAEC2E /* Detailed.storyboard in Resources */ = {isa = PBXBuildFile; fileRef = 9A4DC25C2AD8F0FF00FAEC2E /* Detailed.storyboard */; };
		9A4DC2602AD9447800FAEC2E /* SearchNetworkManager.swift in Sources */ = {isa = PBXBuildFile; fileRef = 9A4DC25F2AD9447800FAEC2E /* SearchNetworkManager.swift */; };
		9A4DC2632AD9481900FAEC2E /* URLParamsEncoder.swift in Sources */ = {isa = PBXBuildFile; fileRef = 9A4DC2622AD9481900FAEC2E /* URLParamsEncoder.swift */; };
		9A4DC2652AD9483600FAEC2E /* ParameterEncoding.swift in Sources */ = {isa = PBXBuildFile; fileRef = 9A4DC2642AD9483600FAEC2E /* ParameterEncoding.swift */; };
		9A4DC2672AD9487700FAEC2E /* JSONParamsEncoder.swift in Sources */ = {isa = PBXBuildFile; fileRef = 9A4DC2662AD9487700FAEC2E /* JSONParamsEncoder.swift */; };
		9A4DC2692AD9489000FAEC2E /* EndPointType.swift in Sources */ = {isa = PBXBuildFile; fileRef = 9A4DC2682AD9489000FAEC2E /* EndPointType.swift */; };
		9A4DC26B2AD948AD00FAEC2E /* RequestError.swift in Sources */ = {isa = PBXBuildFile; fileRef = 9A4DC26A2AD948AD00FAEC2E /* RequestError.swift */; };
		9A4DC26D2AD948CF00FAEC2E /* NetworkError.swift in Sources */ = {isa = PBXBuildFile; fileRef = 9A4DC26C2AD948CF00FAEC2E /* NetworkError.swift */; };
		9A4DC2702AD9491A00FAEC2E /* HTTPTask.swift in Sources */ = {isa = PBXBuildFile; fileRef = 9A4DC26F2AD9491A00FAEC2E /* HTTPTask.swift */; };
		9A4DC2722AD9493400FAEC2E /* HTTPResponse.swift in Sources */ = {isa = PBXBuildFile; fileRef = 9A4DC2712AD9493400FAEC2E /* HTTPResponse.swift */; };
		9A4DC2742AD9494400FAEC2E /* HTTPMethod.swift in Sources */ = {isa = PBXBuildFile; fileRef = 9A4DC2732AD9494400FAEC2E /* HTTPMethod.swift */; };
		9A4DC2762AD9495400FAEC2E /* Router.swift in Sources */ = {isa = PBXBuildFile; fileRef = 9A4DC2752AD9495400FAEC2E /* Router.swift */; };
		9A4DC2782AD94E9A00FAEC2E /* Logger.swift in Sources */ = {isa = PBXBuildFile; fileRef = 9A4DC2772AD94E9A00FAEC2E /* Logger.swift */; };
		9A4DC27A2AD94ED300FAEC2E /* String+Extension.swift in Sources */ = {isa = PBXBuildFile; fileRef = 9A4DC2792AD94ED300FAEC2E /* String+Extension.swift */; };
		9A4DC27D2AD94F5300FAEC2E /* SearchEndpoint.swift in Sources */ = {isa = PBXBuildFile; fileRef = 9A4DC27C2AD94F5300FAEC2E /* SearchEndpoint.swift */; };
		9A4DC2812AD953FC00FAEC2E /* SearchResponse.swift in Sources */ = {isa = PBXBuildFile; fileRef = 9A4DC2802AD953FC00FAEC2E /* SearchResponse.swift */; };
		9A4DC2832AD9545700FAEC2E /* MovieModel.swift in Sources */ = {isa = PBXBuildFile; fileRef = 9A4DC2822AD9545700FAEC2E /* MovieModel.swift */; };
		9A4DC2862ADBB67700FAEC2E /* OperationService.swift in Sources */ = {isa = PBXBuildFile; fileRef = 9A4DC2852ADBB67700FAEC2E /* OperationService.swift */; };
		9A4DC2882ADBB69B00FAEC2E /* OperationManager.swift in Sources */ = {isa = PBXBuildFile; fileRef = 9A4DC2872ADBB69B00FAEC2E /* OperationManager.swift */; };
		9A4DC28B2ADBB6EB00FAEC2E /* SearchOperation.swift in Sources */ = {isa = PBXBuildFile; fileRef = 9A4DC28A2ADBB6EB00FAEC2E /* SearchOperation.swift */; };
		9A4DC28E2ADBC0CA00FAEC2E /* SDWebImageSwiftUI in Frameworks */ = {isa = PBXBuildFile; productRef = 9A4DC28D2ADBC0CA00FAEC2E /* SDWebImageSwiftUI */; };
		9A4DC2912ADBD45F00FAEC2E /* UIImage+placeholder.swift in Sources */ = {isa = PBXBuildFile; fileRef = 9A4DC2902ADBD45F00FAEC2E /* UIImage+placeholder.swift */; };
		9A4DC2A32ADBED9500FAEC2E /* DetailedHeaderCell.swift in Sources */ = {isa = PBXBuildFile; fileRef = 9A4DC2A12ADBED9500FAEC2E /* DetailedHeaderCell.swift */; };
		9A4DC2A42ADBED9500FAEC2E /* DetailedHeaderCell.xib in Resources */ = {isa = PBXBuildFile; fileRef = 9A4DC2A22ADBED9500FAEC2E /* DetailedHeaderCell.xib */; };
		9A4DC2A92ADBEE5B00FAEC2E /* DetailedInfoCell.swift in Sources */ = {isa = PBXBuildFile; fileRef = 9A4DC2A72ADBEE5B00FAEC2E /* DetailedInfoCell.swift */; };
		9A4DC2AA2ADBEE5B00FAEC2E /* DetailedInfoCell.xib in Resources */ = {isa = PBXBuildFile; fileRef = 9A4DC2A82ADBEE5B00FAEC2E /* DetailedInfoCell.xib */; };
		9A4DC2AC2ADBF29B00FAEC2E /* DetailedContext.swift in Sources */ = {isa = PBXBuildFile; fileRef = 9A4DC2AB2ADBF29B00FAEC2E /* DetailedContext.swift */; };
		9A4DC2AF2ADCEEAF00FAEC2E /* CoreDataStack.swift in Sources */ = {isa = PBXBuildFile; fileRef = 9A4DC2AE2ADCEEAF00FAEC2E /* CoreDataStack.swift */; };
		9A4DC2B12ADCEEF400FAEC2E /* PersistantAssembly.swift in Sources */ = {isa = PBXBuildFile; fileRef = 9A4DC2B02ADCEEF400FAEC2E /* PersistantAssembly.swift */; };
		9A4DC2B42ADCF06400FAEC2E /* MovieProtocol.swift in Sources */ = {isa = PBXBuildFile; fileRef = 9A4DC2B32ADCF06400FAEC2E /* MovieProtocol.swift */; };
		9A4DC2BB2ADCF0BA00FAEC2E /* MoviePersistantManager.swift in Sources */ = {isa = PBXBuildFile; fileRef = 9A4DC2BA2ADCF0BA00FAEC2E /* MoviePersistantManager.swift */; };
		9A4DC2BD2ADCF32500FAEC2E /* SearchDataProvider.swift in Sources */ = {isa = PBXBuildFile; fileRef = 9A4DC2BC2ADCF32500FAEC2E /* SearchDataProvider.swift */; };
		9A4DC2C02ADCFD1F00FAEC2E /* MovieDataStackModel.xcdatamodeld in Sources */ = {isa = PBXBuildFile; fileRef = 9A4DC2BE2ADCFD1F00FAEC2E /* MovieDataStackModel.xcdatamodeld */; };
		9A4DC2CA2ADD03CA00FAEC2E /* MovieManagedObject+Id.swift in Sources */ = {isa = PBXBuildFile; fileRef = 9A4DC2C92ADD03CA00FAEC2E /* MovieManagedObject+Id.swift */; };
		9A4DC2CD2ADD099C00FAEC2E /* Reachability in Frameworks */ = {isa = PBXBuildFile; productRef = 9A4DC2CC2ADD099C00FAEC2E /* Reachability */; };
		9AB460152ADE0498000BEE94 /* SPIndicator in Frameworks */ = {isa = PBXBuildFile; productRef = 9AB460142ADE0498000BEE94 /* SPIndicator */; };
		9AB460172ADE04E3000BEE94 /* HasErrorView.swift in Sources */ = {isa = PBXBuildFile; fileRef = 9AB460162ADE04E3000BEE94 /* HasErrorView.swift */; };
		E587E2B6D7349585A2D9195D /* Pods_Movies.framework in Frameworks */ = {isa = PBXBuildFile; fileRef = 396E205B47A2A467285CAE71 /* Pods_Movies.framework */; };
/* End PBXBuildFile section */

/* Begin PBXContainerItemProxy section */
		9A4DC2242AD8C96A00FAEC2E /* PBXContainerItemProxy */ = {
			isa = PBXContainerItemProxy;
			containerPortal = 9A4DC1FA2AD8C7EC00FAEC2E /* Project object */;
			proxyType = 1;
			remoteGlobalIDString = 9A4DC2012AD8C7EC00FAEC2E;
			remoteInfo = Movies;
		};
/* End PBXContainerItemProxy section */

/* Begin PBXFileReference section */
		04CFC22DC74FFE146F03D2DA /* Pods-Movies.debug.xcconfig */ = {isa = PBXFileReference; includeInIndex = 1; lastKnownFileType = text.xcconfig; name = "Pods-Movies.debug.xcconfig"; path = "Target Support Files/Pods-Movies/Pods-Movies.debug.xcconfig"; sourceTree = "<group>"; };
		396E205B47A2A467285CAE71 /* Pods_Movies.framework */ = {isa = PBXFileReference; explicitFileType = wrapper.framework; includeInIndex = 0; path = Pods_Movies.framework; sourceTree = BUILT_PRODUCTS_DIR; };
		40EC60E20530D809DC03EF1E /* Pods_MoviesTests.framework */ = {isa = PBXFileReference; explicitFileType = wrapper.framework; includeInIndex = 0; path = Pods_MoviesTests.framework; sourceTree = BUILT_PRODUCTS_DIR; };
		71B2B48FAEE1A25AFBA08D90 /* Pods-MoviesTests.debug.xcconfig */ = {isa = PBXFileReference; includeInIndex = 1; lastKnownFileType = text.xcconfig; name = "Pods-MoviesTests.debug.xcconfig"; path = "Target Support Files/Pods-MoviesTests/Pods-MoviesTests.debug.xcconfig"; sourceTree = "<group>"; };
		9A4DC2022AD8C7EC00FAEC2E /* Movies.app */ = {isa = PBXFileReference; explicitFileType = wrapper.application; includeInIndex = 0; path = Movies.app; sourceTree = BUILT_PRODUCTS_DIR; };
		9A4DC2052AD8C7EC00FAEC2E /* AppDelegate.swift */ = {isa = PBXFileReference; lastKnownFileType = sourcecode.swift; path = AppDelegate.swift; sourceTree = "<group>"; };
		9A4DC20E2AD8C7EE00FAEC2E /* Assets.xcassets */ = {isa = PBXFileReference; lastKnownFileType = folder.assetcatalog; path = Assets.xcassets; sourceTree = "<group>"; };
		9A4DC2112AD8C7EE00FAEC2E /* Base */ = {isa = PBXFileReference; lastKnownFileType = file.storyboard; name = Base; path = Base.lproj/LaunchScreen.storyboard; sourceTree = "<group>"; };
		9A4DC2132AD8C7EE00FAEC2E /* Info.plist */ = {isa = PBXFileReference; lastKnownFileType = text.plist.xml; path = Info.plist; sourceTree = "<group>"; };
		9A4DC2202AD8C96900FAEC2E /* MoviesTests.xctest */ = {isa = PBXFileReference; explicitFileType = wrapper.cfbundle; includeInIndex = 0; path = MoviesTests.xctest; sourceTree = BUILT_PRODUCTS_DIR; };
		9A4DC2222AD8C96A00FAEC2E /* MoviesTests.swift */ = {isa = PBXFileReference; lastKnownFileType = sourcecode.swift; path = MoviesTests.swift; sourceTree = "<group>"; };
		9A4DC2292AD8C98900FAEC2E /* GlobalConstants.swift */ = {isa = PBXFileReference; lastKnownFileType = sourcecode.swift; path = GlobalConstants.swift; sourceTree = "<group>"; };
		9A4DC22B2AD8CB0D00FAEC2E /* SearchCoordinator.swift */ = {isa = PBXFileReference; lastKnownFileType = sourcecode.swift; path = SearchCoordinator.swift; sourceTree = "<group>"; };
		9A4DC22E2AD8D0DF00FAEC2E /* AppCoordinator.swift */ = {isa = PBXFileReference; lastKnownFileType = sourcecode.swift; path = AppCoordinator.swift; sourceTree = "<group>"; };
		9A4DC2312AD8D11800FAEC2E /* DetailedCoordinator.swift */ = {isa = PBXFileReference; lastKnownFileType = sourcecode.swift; path = DetailedCoordinator.swift; sourceTree = "<group>"; };
		9A4DC2342AD8D6A400FAEC2E /* Storyboardable.swift */ = {isa = PBXFileReference; lastKnownFileType = sourcecode.swift; path = Storyboardable.swift; sourceTree = "<group>"; };
		9A4DC2382AD8D72900FAEC2E /* SearchViewController.swift */ = {isa = PBXFileReference; lastKnownFileType = sourcecode.swift; path = SearchViewController.swift; sourceTree = "<group>"; };
		9A4DC23A2AD8D74100FAEC2E /* DetailedViewController.swift */ = {isa = PBXFileReference; lastKnownFileType = sourcecode.swift; path = DetailedViewController.swift; sourceTree = "<group>"; };
		9A4DC23D2AD8D76E00FAEC2E /* DetailedPresenter.swift */ = {isa = PBXFileReference; lastKnownFileType = sourcecode.swift; path = DetailedPresenter.swift; sourceTree = "<group>"; };
		9A4DC2402AD8D7B500FAEC2E /* SearchPresenter.swift */ = {isa = PBXFileReference; lastKnownFileType = sourcecode.swift; path = SearchPresenter.swift; sourceTree = "<group>"; };
		9A4DC2422AD8D81D00FAEC2E /* DetailedAssembly.swift */ = {isa = PBXFileReference; lastKnownFileType = sourcecode.swift; path = DetailedAssembly.swift; sourceTree = "<group>"; };
		9A4DC2462AD8D84100FAEC2E /* Search.storyboard */ = {isa = PBXFileReference; lastKnownFileType = file.storyboard; path = Search.storyboard; sourceTree = "<group>"; };
		9A4DC2492AD8DB8800FAEC2E /* MovieListCell.swift */ = {isa = PBXFileReference; lastKnownFileType = sourcecode.swift; path = MovieListCell.swift; sourceTree = "<group>"; };
		9A4DC24A2AD8DB8800FAEC2E /* MovieListCell.xib */ = {isa = PBXFileReference; lastKnownFileType = file.xib; path = MovieListCell.xib; sourceTree = "<group>"; };
		9A4DC2502AD8E1F100FAEC2E /* NetworkAssembly.swift */ = {isa = PBXFileReference; lastKnownFileType = sourcecode.swift; path = NetworkAssembly.swift; sourceTree = "<group>"; };
		9A4DC2552AD8E2CF00FAEC2E /* SearchAssebly.swift */ = {isa = PBXFileReference; lastKnownFileType = sourcecode.swift; path = SearchAssebly.swift; sourceTree = "<group>"; };
		9A4DC2572AD8EA7100FAEC2E /* Main.storyboard */ = {isa = PBXFileReference; lastKnownFileType = file.storyboard; path = Main.storyboard; sourceTree = "<group>"; };
		9A4DC25A2AD8ECAE00FAEC2E /* BaseCoordinator.swift */ = {isa = PBXFileReference; lastKnownFileType = sourcecode.swift; path = BaseCoordinator.swift; sourceTree = "<group>"; };
		9A4DC25C2AD8F0FF00FAEC2E /* Detailed.storyboard */ = {isa = PBXFileReference; lastKnownFileType = file.storyboard; path = Detailed.storyboard; sourceTree = "<group>"; };
		9A4DC25F2AD9447800FAEC2E /* SearchNetworkManager.swift */ = {isa = PBXFileReference; lastKnownFileType = sourcecode.swift; path = SearchNetworkManager.swift; sourceTree = "<group>"; };
		9A4DC2622AD9481900FAEC2E /* URLParamsEncoder.swift */ = {isa = PBXFileReference; lastKnownFileType = sourcecode.swift; path = URLParamsEncoder.swift; sourceTree = "<group>"; };
		9A4DC2642AD9483600FAEC2E /* ParameterEncoding.swift */ = {isa = PBXFileReference; lastKnownFileType = sourcecode.swift; path = ParameterEncoding.swift; sourceTree = "<group>"; };
		9A4DC2662AD9487700FAEC2E /* JSONParamsEncoder.swift */ = {isa = PBXFileReference; lastKnownFileType = sourcecode.swift; path = JSONParamsEncoder.swift; sourceTree = "<group>"; };
		9A4DC2682AD9489000FAEC2E /* EndPointType.swift */ = {isa = PBXFileReference; lastKnownFileType = sourcecode.swift; path = EndPointType.swift; sourceTree = "<group>"; };
		9A4DC26A2AD948AD00FAEC2E /* RequestError.swift */ = {isa = PBXFileReference; lastKnownFileType = sourcecode.swift; path = RequestError.swift; sourceTree = "<group>"; };
		9A4DC26C2AD948CF00FAEC2E /* NetworkError.swift */ = {isa = PBXFileReference; lastKnownFileType = sourcecode.swift; path = NetworkError.swift; sourceTree = "<group>"; };
		9A4DC26F2AD9491A00FAEC2E /* HTTPTask.swift */ = {isa = PBXFileReference; lastKnownFileType = sourcecode.swift; path = HTTPTask.swift; sourceTree = "<group>"; };
		9A4DC2712AD9493400FAEC2E /* HTTPResponse.swift */ = {isa = PBXFileReference; lastKnownFileType = sourcecode.swift; path = HTTPResponse.swift; sourceTree = "<group>"; };
		9A4DC2732AD9494400FAEC2E /* HTTPMethod.swift */ = {isa = PBXFileReference; lastKnownFileType = sourcecode.swift; path = HTTPMethod.swift; sourceTree = "<group>"; };
		9A4DC2752AD9495400FAEC2E /* Router.swift */ = {isa = PBXFileReference; lastKnownFileType = sourcecode.swift; path = Router.swift; sourceTree = "<group>"; };
		9A4DC2772AD94E9A00FAEC2E /* Logger.swift */ = {isa = PBXFileReference; lastKnownFileType = sourcecode.swift; path = Logger.swift; sourceTree = "<group>"; };
		9A4DC2792AD94ED300FAEC2E /* String+Extension.swift */ = {isa = PBXFileReference; lastKnownFileType = sourcecode.swift; path = "String+Extension.swift"; sourceTree = "<group>"; };
		9A4DC27C2AD94F5300FAEC2E /* SearchEndpoint.swift */ = {isa = PBXFileReference; lastKnownFileType = sourcecode.swift; path = SearchEndpoint.swift; sourceTree = "<group>"; };
		9A4DC2802AD953FC00FAEC2E /* SearchResponse.swift */ = {isa = PBXFileReference; lastKnownFileType = sourcecode.swift; path = SearchResponse.swift; sourceTree = "<group>"; };
		9A4DC2822AD9545700FAEC2E /* MovieModel.swift */ = {isa = PBXFileReference; lastKnownFileType = sourcecode.swift; path = MovieModel.swift; sourceTree = "<group>"; };
		9A4DC2852ADBB67700FAEC2E /* OperationService.swift */ = {isa = PBXFileReference; lastKnownFileType = sourcecode.swift; path = OperationService.swift; sourceTree = "<group>"; };
		9A4DC2872ADBB69B00FAEC2E /* OperationManager.swift */ = {isa = PBXFileReference; lastKnownFileType = sourcecode.swift; path = OperationManager.swift; sourceTree = "<group>"; };
		9A4DC28A2ADBB6EB00FAEC2E /* SearchOperation.swift */ = {isa = PBXFileReference; lastKnownFileType = sourcecode.swift; path = SearchOperation.swift; sourceTree = "<group>"; };
		9A4DC2902ADBD45F00FAEC2E /* UIImage+placeholder.swift */ = {isa = PBXFileReference; lastKnownFileType = sourcecode.swift; path = "UIImage+placeholder.swift"; sourceTree = "<group>"; };
		9A4DC2A12ADBED9500FAEC2E /* DetailedHeaderCell.swift */ = {isa = PBXFileReference; lastKnownFileType = sourcecode.swift; path = DetailedHeaderCell.swift; sourceTree = "<group>"; };
		9A4DC2A22ADBED9500FAEC2E /* DetailedHeaderCell.xib */ = {isa = PBXFileReference; lastKnownFileType = file.xib; path = DetailedHeaderCell.xib; sourceTree = "<group>"; };
		9A4DC2A72ADBEE5B00FAEC2E /* DetailedInfoCell.swift */ = {isa = PBXFileReference; lastKnownFileType = sourcecode.swift; path = DetailedInfoCell.swift; sourceTree = "<group>"; };
		9A4DC2A82ADBEE5B00FAEC2E /* DetailedInfoCell.xib */ = {isa = PBXFileReference; lastKnownFileType = file.xib; path = DetailedInfoCell.xib; sourceTree = "<group>"; };
		9A4DC2AB2ADBF29B00FAEC2E /* DetailedContext.swift */ = {isa = PBXFileReference; lastKnownFileType = sourcecode.swift; path = DetailedContext.swift; sourceTree = "<group>"; };
		9A4DC2AE2ADCEEAF00FAEC2E /* CoreDataStack.swift */ = {isa = PBXFileReference; lastKnownFileType = sourcecode.swift; path = CoreDataStack.swift; sourceTree = "<group>"; };
		9A4DC2B02ADCEEF400FAEC2E /* PersistantAssembly.swift */ = {isa = PBXFileReference; lastKnownFileType = sourcecode.swift; path = PersistantAssembly.swift; sourceTree = "<group>"; };
		9A4DC2B32ADCF06400FAEC2E /* MovieProtocol.swift */ = {isa = PBXFileReference; lastKnownFileType = sourcecode.swift; path = MovieProtocol.swift; sourceTree = "<group>"; };
		9A4DC2BA2ADCF0BA00FAEC2E /* MoviePersistantManager.swift */ = {isa = PBXFileReference; lastKnownFileType = sourcecode.swift; path = MoviePersistantManager.swift; sourceTree = "<group>"; };
		9A4DC2BC2ADCF32500FAEC2E /* SearchDataProvider.swift */ = {isa = PBXFileReference; lastKnownFileType = sourcecode.swift; path = SearchDataProvider.swift; sourceTree = "<group>"; };
		9A4DC2BF2ADCFD1F00FAEC2E /* MovieDataStackModel.xcdatamodel */ = {isa = PBXFileReference; lastKnownFileType = wrapper.xcdatamodel; path = MovieDataStackModel.xcdatamodel; sourceTree = "<group>"; };
		9A4DC2C92ADD03CA00FAEC2E /* MovieManagedObject+Id.swift */ = {isa = PBXFileReference; lastKnownFileType = sourcecode.swift; path = "MovieManagedObject+Id.swift"; sourceTree = "<group>"; };
		9AB460162ADE04E3000BEE94 /* HasErrorView.swift */ = {isa = PBXFileReference; lastKnownFileType = sourcecode.swift; path = HasErrorView.swift; sourceTree = "<group>"; };
		A77B69A3FFE51F3FE4255311 /* Pods-Movies.release.xcconfig */ = {isa = PBXFileReference; includeInIndex = 1; lastKnownFileType = text.xcconfig; name = "Pods-Movies.release.xcconfig"; path = "Target Support Files/Pods-Movies/Pods-Movies.release.xcconfig"; sourceTree = "<group>"; };
		CB88E2195322093C2FC4A448 /* Pods-MoviesTests.release.xcconfig */ = {isa = PBXFileReference; includeInIndex = 1; lastKnownFileType = text.xcconfig; name = "Pods-MoviesTests.release.xcconfig"; path = "Target Support Files/Pods-MoviesTests/Pods-MoviesTests.release.xcconfig"; sourceTree = "<group>"; };
/* End PBXFileReference section */

/* Begin PBXFrameworksBuildPhase section */
		9A4DC1FF2AD8C7EC00FAEC2E /* Frameworks */ = {
			isa = PBXFrameworksBuildPhase;
			buildActionMask = 2147483647;
			files = (
				9A4DC28E2ADBC0CA00FAEC2E /* SDWebImageSwiftUI in Frameworks */,
				9A4DC2CD2ADD099C00FAEC2E /* Reachability in Frameworks */,
				E587E2B6D7349585A2D9195D /* Pods_Movies.framework in Frameworks */,
				9AB460152ADE0498000BEE94 /* SPIndicator in Frameworks */,
			);
			runOnlyForDeploymentPostprocessing = 0;
		};
		9A4DC21D2AD8C96900FAEC2E /* Frameworks */ = {
			isa = PBXFrameworksBuildPhase;
			buildActionMask = 2147483647;
			files = (
				4343CF7508F0EECA30D97267 /* Pods_MoviesTests.framework in Frameworks */,
			);
			runOnlyForDeploymentPostprocessing = 0;
		};
/* End PBXFrameworksBuildPhase section */

/* Begin PBXGroup section */
		9A4DC1F92AD8C7EC00FAEC2E = {
			isa = PBXGroup;
			children = (
				9A4DC2042AD8C7EC00FAEC2E /* Movies */,
				9A4DC2212AD8C96A00FAEC2E /* MoviesTests */,
				9A4DC2032AD8C7EC00FAEC2E /* Products */,
				B8D883C2894746CDCEDF75FB /* Pods */,
				CA59206EB8E395FE54B2891F /* Frameworks */,
			);
			sourceTree = "<group>";
		};
		9A4DC2032AD8C7EC00FAEC2E /* Products */ = {
			isa = PBXGroup;
			children = (
				9A4DC2022AD8C7EC00FAEC2E /* Movies.app */,
				9A4DC2202AD8C96900FAEC2E /* MoviesTests.xctest */,
			);
			name = Products;
			sourceTree = "<group>";
		};
		9A4DC2042AD8C7EC00FAEC2E /* Movies */ = {
			isa = PBXGroup;
			children = (
				9A4DC2592AD8EC9D00FAEC2E /* Base */,
				9A4DC27F2AD953E700FAEC2E /* Models */,
				9A4DC2332AD8D15700FAEC2E /* Extensions */,
				9A4DC21A2AD8C90F00FAEC2E /* Network */,
				9A4DC2AD2ADCEE9A00FAEC2E /* Persistans */,
				9A4DC2192AD8C8F500FAEC2E /* MoviesModule */,
				9A4DC2132AD8C7EE00FAEC2E /* Info.plist */,
				9A4DC2052AD8C7EC00FAEC2E /* AppDelegate.swift */,
				9A4DC22E2AD8D0DF00FAEC2E /* AppCoordinator.swift */,
				9A4DC2292AD8C98900FAEC2E /* GlobalConstants.swift */,
				9A4DC20E2AD8C7EE00FAEC2E /* Assets.xcassets */,
				9A4DC2102AD8C7EE00FAEC2E /* LaunchScreen.storyboard */,
				9A4DC2572AD8EA7100FAEC2E /* Main.storyboard */,
			);
			path = Movies;
			sourceTree = "<group>";
		};
		9A4DC2192AD8C8F500FAEC2E /* MoviesModule */ = {
			isa = PBXGroup;
			children = (
				9A4DC2302AD8D10A00FAEC2E /* Detailed */,
				9A4DC22D2AD8CB1400FAEC2E /* Search */,
			);
			path = MoviesModule;
			sourceTree = "<group>";
		};
		9A4DC21A2AD8C90F00FAEC2E /* Network */ = {
			isa = PBXGroup;
			children = (
				9A4DC27B2AD94F3F00FAEC2E /* EndPoints */,
				9A4DC26E2AD948FF00FAEC2E /* Services */,
				9A4DC2612AD947FF00FAEC2E /* Encoding */,
				9A4DC2842ADBB65B00FAEC2E /* Operations */,
				9A4DC27E2AD950A000FAEC2E /* Managers */,
				9A4DC2502AD8E1F100FAEC2E /* NetworkAssembly.swift */,
			);
			path = Network;
			sourceTree = "<group>";
		};
		9A4DC2212AD8C96A00FAEC2E /* MoviesTests */ = {
			isa = PBXGroup;
			children = (
				9A4DC2222AD8C96A00FAEC2E /* MoviesTests.swift */,
			);
			path = MoviesTests;
			sourceTree = "<group>";
		};
		9A4DC22D2AD8CB1400FAEC2E /* Search */ = {
			isa = PBXGroup;
			children = (
				9A4DC23F2AD8D78600FAEC2E /* Search */,
				9A4DC22B2AD8CB0D00FAEC2E /* SearchCoordinator.swift */,
				9A4DC2552AD8E2CF00FAEC2E /* SearchAssebly.swift */,
				9A4DC2462AD8D84100FAEC2E /* Search.storyboard */,
			);
			path = Search;
			sourceTree = "<group>";
		};
		9A4DC2302AD8D10A00FAEC2E /* Detailed */ = {
			isa = PBXGroup;
			children = (
				9A4DC23C2AD8D75500FAEC2E /* DetailedVC */,
				9A4DC2AB2ADBF29B00FAEC2E /* DetailedContext.swift */,
				9A4DC2312AD8D11800FAEC2E /* DetailedCoordinator.swift */,
				9A4DC2422AD8D81D00FAEC2E /* DetailedAssembly.swift */,
				9A4DC25C2AD8F0FF00FAEC2E /* Detailed.storyboard */,
			);
			path = Detailed;
			sourceTree = "<group>";
		};
		9A4DC2332AD8D15700FAEC2E /* Extensions */ = {
			isa = PBXGroup;
			children = (
				9A4DC2792AD94ED300FAEC2E /* String+Extension.swift */,
				9A4DC2902ADBD45F00FAEC2E /* UIImage+placeholder.swift */,
			);
			path = Extensions;
			sourceTree = "<group>";
		};
		9A4DC23C2AD8D75500FAEC2E /* DetailedVC */ = {
			isa = PBXGroup;
			children = (
				9A4DC23A2AD8D74100FAEC2E /* DetailedViewController.swift */,
				9A4DC23D2AD8D76E00FAEC2E /* DetailedPresenter.swift */,
				9A4DC28F2ADBD26E00FAEC2E /* cells */,
			);
			path = DetailedVC;
			sourceTree = "<group>";
		};
		9A4DC23F2AD8D78600FAEC2E /* Search */ = {
			isa = PBXGroup;
			children = (
				9A4DC2382AD8D72900FAEC2E /* SearchViewController.swift */,
				9A4DC2402AD8D7B500FAEC2E /* SearchPresenter.swift */,
				9A4DC2BC2ADCF32500FAEC2E /* SearchDataProvider.swift */,
				9A4DC2952ADBE70800FAEC2E /* cells */,
			);
			path = Search;
			sourceTree = "<group>";
		};
		9A4DC2482AD8DB6B00FAEC2E /* MovieListCell */ = {
			isa = PBXGroup;
			children = (
				9A4DC2492AD8DB8800FAEC2E /* MovieListCell.swift */,
				9A4DC24A2AD8DB8800FAEC2E /* MovieListCell.xib */,
			);
			path = MovieListCell;
			sourceTree = "<group>";
		};
		9A4DC2592AD8EC9D00FAEC2E /* Base */ = {
			isa = PBXGroup;
			children = (
				9A4DC25A2AD8ECAE00FAEC2E /* BaseCoordinator.swift */,
				9A4DC2342AD8D6A400FAEC2E /* Storyboardable.swift */,
				9AB460162ADE04E3000BEE94 /* HasErrorView.swift */,
			);
			path = Base;
			sourceTree = "<group>";
		};
		9A4DC2612AD947FF00FAEC2E /* Encoding */ = {
			isa = PBXGroup;
			children = (
				9A4DC2622AD9481900FAEC2E /* URLParamsEncoder.swift */,
				9A4DC2642AD9483600FAEC2E /* ParameterEncoding.swift */,
				9A4DC2662AD9487700FAEC2E /* JSONParamsEncoder.swift */,
				9A4DC2682AD9489000FAEC2E /* EndPointType.swift */,
				9A4DC26A2AD948AD00FAEC2E /* RequestError.swift */,
				9A4DC26C2AD948CF00FAEC2E /* NetworkError.swift */,
			);
			path = Encoding;
			sourceTree = "<group>";
		};
		9A4DC26E2AD948FF00FAEC2E /* Services */ = {
			isa = PBXGroup;
			children = (
				9A4DC26F2AD9491A00FAEC2E /* HTTPTask.swift */,
				9A4DC2712AD9493400FAEC2E /* HTTPResponse.swift */,
				9A4DC2732AD9494400FAEC2E /* HTTPMethod.swift */,
				9A4DC2752AD9495400FAEC2E /* Router.swift */,
				9A4DC2772AD94E9A00FAEC2E /* Logger.swift */,
			);
			path = Services;
			sourceTree = "<group>";
		};
		9A4DC27B2AD94F3F00FAEC2E /* EndPoints */ = {
			isa = PBXGroup;
			children = (
				9A4DC27C2AD94F5300FAEC2E /* SearchEndpoint.swift */,
			);
			path = EndPoints;
			sourceTree = "<group>";
		};
		9A4DC27E2AD950A000FAEC2E /* Managers */ = {
			isa = PBXGroup;
			children = (
				9A4DC25F2AD9447800FAEC2E /* SearchNetworkManager.swift */,
			);
			path = Managers;
			sourceTree = "<group>";
		};
		9A4DC27F2AD953E700FAEC2E /* Models */ = {
			isa = PBXGroup;
			children = (
				9A4DC2B32ADCF06400FAEC2E /* MovieProtocol.swift */,
				9A4DC2B22ADCF04700FAEC2E /* Network */,
				9A4DC2B52ADCF06C00FAEC2E /* CoreData */,
			);
			path = Models;
			sourceTree = "<group>";
		};
		9A4DC2842ADBB65B00FAEC2E /* Operations */ = {
			isa = PBXGroup;
			children = (
				9A4DC2892ADBB6CB00FAEC2E /* Operations */,
				9A4DC2852ADBB67700FAEC2E /* OperationService.swift */,
				9A4DC2872ADBB69B00FAEC2E /* OperationManager.swift */,
			);
			path = Operations;
			sourceTree = "<group>";
		};
		9A4DC2892ADBB6CB00FAEC2E /* Operations */ = {
			isa = PBXGroup;
			children = (
				9A4DC28A2ADBB6EB00FAEC2E /* SearchOperation.swift */,
			);
			path = Operations;
			sourceTree = "<group>";
		};
		9A4DC28F2ADBD26E00FAEC2E /* cells */ = {
			isa = PBXGroup;
			children = (
				9A4DC2A62ADBEE3F00FAEC2E /* DetailedHeaderCell */,
				9A4DC2A52ADBEE3000FAEC2E /* DetailedInfoCell */,
			);
			path = cells;
			sourceTree = "<group>";
		};
		9A4DC2952ADBE70800FAEC2E /* cells */ = {
			isa = PBXGroup;
			children = (
				9A4DC2482AD8DB6B00FAEC2E /* MovieListCell */,
			);
			path = cells;
			sourceTree = "<group>";
		};
		9A4DC2A52ADBEE3000FAEC2E /* DetailedInfoCell */ = {
			isa = PBXGroup;
			children = (
				9A4DC2A72ADBEE5B00FAEC2E /* DetailedInfoCell.swift */,
				9A4DC2A82ADBEE5B00FAEC2E /* DetailedInfoCell.xib */,
			);
			path = DetailedInfoCell;
			sourceTree = "<group>";
		};
		9A4DC2A62ADBEE3F00FAEC2E /* DetailedHeaderCell */ = {
			isa = PBXGroup;
			children = (
				9A4DC2A12ADBED9500FAEC2E /* DetailedHeaderCell.swift */,
				9A4DC2A22ADBED9500FAEC2E /* DetailedHeaderCell.xib */,
			);
			path = DetailedHeaderCell;
			sourceTree = "<group>";
		};
		9A4DC2AD2ADCEE9A00FAEC2E /* Persistans */ = {
			isa = PBXGroup;
			children = (
				9A4DC2B92ADCF0A300FAEC2E /* Managers */,
				9A4DC2B82ADCF09B00FAEC2E /* CoreDataStack */,
				9A4DC2B02ADCEEF400FAEC2E /* PersistantAssembly.swift */,
				9A4DC2BE2ADCFD1F00FAEC2E /* MovieDataStackModel.xcdatamodeld */,
			);
			path = Persistans;
			sourceTree = "<group>";
		};
		9A4DC2B22ADCF04700FAEC2E /* Network */ = {
			isa = PBXGroup;
			children = (
				9A4DC2802AD953FC00FAEC2E /* SearchResponse.swift */,
				9A4DC2822AD9545700FAEC2E /* MovieModel.swift */,
			);
			path = Network;
			sourceTree = "<group>";
		};
		9A4DC2B52ADCF06C00FAEC2E /* CoreData */ = {
			isa = PBXGroup;
			children = (
				9A4DC2C92ADD03CA00FAEC2E /* MovieManagedObject+Id.swift */,
			);
			path = CoreData;
			sourceTree = "<group>";
		};
		9A4DC2B82ADCF09B00FAEC2E /* CoreDataStack */ = {
			isa = PBXGroup;
			children = (
				9A4DC2AE2ADCEEAF00FAEC2E /* CoreDataStack.swift */,
			);
			path = CoreDataStack;
			sourceTree = "<group>";
		};
		9A4DC2B92ADCF0A300FAEC2E /* Managers */ = {
			isa = PBXGroup;
			children = (
				9A4DC2BA2ADCF0BA00FAEC2E /* MoviePersistantManager.swift */,
			);
			path = Managers;
			sourceTree = "<group>";
		};
		B8D883C2894746CDCEDF75FB /* Pods */ = {
			isa = PBXGroup;
			children = (
				04CFC22DC74FFE146F03D2DA /* Pods-Movies.debug.xcconfig */,
				A77B69A3FFE51F3FE4255311 /* Pods-Movies.release.xcconfig */,
				71B2B48FAEE1A25AFBA08D90 /* Pods-MoviesTests.debug.xcconfig */,
				CB88E2195322093C2FC4A448 /* Pods-MoviesTests.release.xcconfig */,
			);
			path = Pods;
			sourceTree = "<group>";
		};
		CA59206EB8E395FE54B2891F /* Frameworks */ = {
			isa = PBXGroup;
			children = (
				396E205B47A2A467285CAE71 /* Pods_Movies.framework */,
				40EC60E20530D809DC03EF1E /* Pods_MoviesTests.framework */,
			);
			name = Frameworks;
			sourceTree = "<group>";
		};
/* End PBXGroup section */

/* Begin PBXNativeTarget section */
		9A4DC2012AD8C7EC00FAEC2E /* Movies */ = {
			isa = PBXNativeTarget;
			buildConfigurationList = 9A4DC2162AD8C7EE00FAEC2E /* Build configuration list for PBXNativeTarget "Movies" */;
			buildPhases = (
				353054C4CB2123E6AFAF471C /* [CP] Check Pods Manifest.lock */,
				9A4DC1FE2AD8C7EC00FAEC2E /* Sources */,
				9A4DC1FF2AD8C7EC00FAEC2E /* Frameworks */,
				9A4DC2002AD8C7EC00FAEC2E /* Resources */,
				3C41D921E36358712286F44D /* [CP] Embed Pods Frameworks */,
			);
			buildRules = (
			);
			dependencies = (
			);
			name = Movies;
			packageProductDependencies = (
				9A4DC28D2ADBC0CA00FAEC2E /* SDWebImageSwiftUI */,
				9A4DC2CC2ADD099C00FAEC2E /* Reachability */,
				9AB460142ADE0498000BEE94 /* SPIndicator */,
			);
			productName = Movies;
			productReference = 9A4DC2022AD8C7EC00FAEC2E /* Movies.app */;
			productType = "com.apple.product-type.application";
		};
		9A4DC21F2AD8C96900FAEC2E /* MoviesTests */ = {
			isa = PBXNativeTarget;
			buildConfigurationList = 9A4DC2262AD8C96A00FAEC2E /* Build configuration list for PBXNativeTarget "MoviesTests" */;
			buildPhases = (
				A27A7E067A8F396C7F2D3A6B /* [CP] Check Pods Manifest.lock */,
				9A4DC21C2AD8C96900FAEC2E /* Sources */,
				9A4DC21D2AD8C96900FAEC2E /* Frameworks */,
				9A4DC21E2AD8C96900FAEC2E /* Resources */,
			);
			buildRules = (
			);
			dependencies = (
				9A4DC2252AD8C96A00FAEC2E /* PBXTargetDependency */,
			);
			name = MoviesTests;
			productName = MoviesTests;
			productReference = 9A4DC2202AD8C96900FAEC2E /* MoviesTests.xctest */;
			productType = "com.apple.product-type.bundle.unit-test";
		};
/* End PBXNativeTarget section */

/* Begin PBXProject section */
		9A4DC1FA2AD8C7EC00FAEC2E /* Project object */ = {
			isa = PBXProject;
			attributes = {
				BuildIndependentTargetsInParallel = 1;
				LastSwiftUpdateCheck = 1500;
				LastUpgradeCheck = 1500;
				TargetAttributes = {
					9A4DC2012AD8C7EC00FAEC2E = {
						CreatedOnToolsVersion = 15.0;
					};
					9A4DC21F2AD8C96900FAEC2E = {
						CreatedOnToolsVersion = 15.0;
						TestTargetID = 9A4DC2012AD8C7EC00FAEC2E;
					};
				};
			};
			buildConfigurationList = 9A4DC1FD2AD8C7EC00FAEC2E /* Build configuration list for PBXProject "Movies" */;
			compatibilityVersion = "Xcode 14.0";
			developmentRegion = en;
			hasScannedForEncodings = 0;
			knownRegions = (
				en,
				Base,
			);
			mainGroup = 9A4DC1F92AD8C7EC00FAEC2E;
			packageReferences = (
				9A4DC28C2ADBC0CA00FAEC2E /* XCRemoteSwiftPackageReference "SDWebImageSwiftUI" */,
				9A4DC2CB2ADD099C00FAEC2E /* XCRemoteSwiftPackageReference "Reachability" */,
				9AB460132ADE0498000BEE94 /* XCRemoteSwiftPackageReference "SPIndicator" */,
			);
			productRefGroup = 9A4DC2032AD8C7EC00FAEC2E /* Products */;
			projectDirPath = "";
			projectRoot = "";
			targets = (
				9A4DC2012AD8C7EC00FAEC2E /* Movies */,
				9A4DC21F2AD8C96900FAEC2E /* MoviesTests */,
			);
		};
/* End PBXProject section */

/* Begin PBXResourcesBuildPhase section */
		9A4DC2002AD8C7EC00FAEC2E /* Resources */ = {
			isa = PBXResourcesBuildPhase;
			buildActionMask = 2147483647;
			files = (
				9A4DC2122AD8C7EE00FAEC2E /* LaunchScreen.storyboard in Resources */,
				9A4DC2582AD8EA7100FAEC2E /* Main.storyboard in Resources */,
				9A4DC2A42ADBED9500FAEC2E /* DetailedHeaderCell.xib in Resources */,
				9A4DC2472AD8D84100FAEC2E /* Search.storyboard in Resources */,
				9A4DC24C2AD8DB8800FAEC2E /* MovieListCell.xib in Resources */,
				9A4DC2AA2ADBEE5B00FAEC2E /* DetailedInfoCell.xib in Resources */,
				9A4DC25D2AD8F0FF00FAEC2E /* Detailed.storyboard in Resources */,
				9A4DC20F2AD8C7EE00FAEC2E /* Assets.xcassets in Resources */,
			);
			runOnlyForDeploymentPostprocessing = 0;
		};
		9A4DC21E2AD8C96900FAEC2E /* Resources */ = {
			isa = PBXResourcesBuildPhase;
			buildActionMask = 2147483647;
			files = (
			);
			runOnlyForDeploymentPostprocessing = 0;
		};
/* End PBXResourcesBuildPhase section */

/* Begin PBXShellScriptBuildPhase section */
		353054C4CB2123E6AFAF471C /* [CP] Check Pods Manifest.lock */ = {
			isa = PBXShellScriptBuildPhase;
			buildActionMask = 2147483647;
			files = (
			);
			inputFileListPaths = (
			);
			inputPaths = (
				"${PODS_PODFILE_DIR_PATH}/Podfile.lock",
				"${PODS_ROOT}/Manifest.lock",
			);
			name = "[CP] Check Pods Manifest.lock";
			outputFileListPaths = (
			);
			outputPaths = (
				"$(DERIVED_FILE_DIR)/Pods-Movies-checkManifestLockResult.txt",
			);
			runOnlyForDeploymentPostprocessing = 0;
			shellPath = /bin/sh;
			shellScript = "diff \"${PODS_PODFILE_DIR_PATH}/Podfile.lock\" \"${PODS_ROOT}/Manifest.lock\" > /dev/null\nif [ $? != 0 ] ; then\n    # print error to STDERR\n    echo \"error: The sandbox is not in sync with the Podfile.lock. Run 'pod install' or update your CocoaPods installation.\" >&2\n    exit 1\nfi\n# This output is used by Xcode 'outputs' to avoid re-running this script phase.\necho \"SUCCESS\" > \"${SCRIPT_OUTPUT_FILE_0}\"\n";
			showEnvVarsInLog = 0;
		};
		3C41D921E36358712286F44D /* [CP] Embed Pods Frameworks */ = {
			isa = PBXShellScriptBuildPhase;
			buildActionMask = 2147483647;
			files = (
			);
			inputFileListPaths = (
				"${PODS_ROOT}/Target Support Files/Pods-Movies/Pods-Movies-frameworks-${CONFIGURATION}-input-files.xcfilelist",
			);
			name = "[CP] Embed Pods Frameworks";
			outputFileListPaths = (
				"${PODS_ROOT}/Target Support Files/Pods-Movies/Pods-Movies-frameworks-${CONFIGURATION}-output-files.xcfilelist",
			);
			runOnlyForDeploymentPostprocessing = 0;
			shellPath = /bin/sh;
			shellScript = "\"${PODS_ROOT}/Target Support Files/Pods-Movies/Pods-Movies-frameworks.sh\"\n";
			showEnvVarsInLog = 0;
		};
		A27A7E067A8F396C7F2D3A6B /* [CP] Check Pods Manifest.lock */ = {
			isa = PBXShellScriptBuildPhase;
			buildActionMask = 2147483647;
			files = (
			);
			inputFileListPaths = (
			);
			inputPaths = (
				"${PODS_PODFILE_DIR_PATH}/Podfile.lock",
				"${PODS_ROOT}/Manifest.lock",
			);
			name = "[CP] Check Pods Manifest.lock";
			outputFileListPaths = (
			);
			outputPaths = (
				"$(DERIVED_FILE_DIR)/Pods-MoviesTests-checkManifestLockResult.txt",
			);
			runOnlyForDeploymentPostprocessing = 0;
			shellPath = /bin/sh;
			shellScript = "diff \"${PODS_PODFILE_DIR_PATH}/Podfile.lock\" \"${PODS_ROOT}/Manifest.lock\" > /dev/null\nif [ $? != 0 ] ; then\n    # print error to STDERR\n    echo \"error: The sandbox is not in sync with the Podfile.lock. Run 'pod install' or update your CocoaPods installation.\" >&2\n    exit 1\nfi\n# This output is used by Xcode 'outputs' to avoid re-running this script phase.\necho \"SUCCESS\" > \"${SCRIPT_OUTPUT_FILE_0}\"\n";
			showEnvVarsInLog = 0;
		};
/* End PBXShellScriptBuildPhase section */

/* Begin PBXSourcesBuildPhase section */
		9A4DC1FE2AD8C7EC00FAEC2E /* Sources */ = {
			isa = PBXSourcesBuildPhase;
			buildActionMask = 2147483647;
			files = (
				9A4DC2BB2ADCF0BA00FAEC2E /* MoviePersistantManager.swift in Sources */,
				9A4DC2B12ADCEEF400FAEC2E /* PersistantAssembly.swift in Sources */,
				9A4DC2B42ADCF06400FAEC2E /* MovieProtocol.swift in Sources */,
				9A4DC23E2AD8D76E00FAEC2E /* DetailedPresenter.swift in Sources */,
				9A4DC2632AD9481900FAEC2E /* URLParamsEncoder.swift in Sources */,
				9A4DC24B2AD8DB8800FAEC2E /* MovieListCell.swift in Sources */,
				9A4DC2322AD8D11800FAEC2E /* DetailedCoordinator.swift in Sources */,
				9A4DC2782AD94E9A00FAEC2E /* Logger.swift in Sources */,
				9A4DC2412AD8D7B500FAEC2E /* SearchPresenter.swift in Sources */,
				9A4DC2AF2ADCEEAF00FAEC2E /* CoreDataStack.swift in Sources */,
				9A4DC2392AD8D72900FAEC2E /* SearchViewController.swift in Sources */,
				9A4DC23B2AD8D74100FAEC2E /* DetailedViewController.swift in Sources */,
				9A4DC27A2AD94ED300FAEC2E /* String+Extension.swift in Sources */,
				9A4DC2AC2ADBF29B00FAEC2E /* DetailedContext.swift in Sources */,
				9A4DC2602AD9447800FAEC2E /* SearchNetworkManager.swift in Sources */,
				9A4DC2882ADBB69B00FAEC2E /* OperationManager.swift in Sources */,
				9A4DC2C02ADCFD1F00FAEC2E /* MovieDataStackModel.xcdatamodeld in Sources */,
				9A4DC2742AD9494400FAEC2E /* HTTPMethod.swift in Sources */,
				9A4DC2A92ADBEE5B00FAEC2E /* DetailedInfoCell.swift in Sources */,
				9A4DC2BD2ADCF32500FAEC2E /* SearchDataProvider.swift in Sources */,
				9A4DC2832AD9545700FAEC2E /* MovieModel.swift in Sources */,
				9A4DC2692AD9489000FAEC2E /* EndPointType.swift in Sources */,
				9AB460172ADE04E3000BEE94 /* HasErrorView.swift in Sources */,
				9A4DC27D2AD94F5300FAEC2E /* SearchEndpoint.swift in Sources */,
				9A4DC26D2AD948CF00FAEC2E /* NetworkError.swift in Sources */,
				9A4DC2672AD9487700FAEC2E /* JSONParamsEncoder.swift in Sources */,
				9A4DC2762AD9495400FAEC2E /* Router.swift in Sources */,
				9A4DC22C2AD8CB0D00FAEC2E /* SearchCoordinator.swift in Sources */,
				9A4DC28B2ADBB6EB00FAEC2E /* SearchOperation.swift in Sources */,
				9A4DC2722AD9493400FAEC2E /* HTTPResponse.swift in Sources */,
				9A4DC2CA2ADD03CA00FAEC2E /* MovieManagedObject+Id.swift in Sources */,
				9A4DC2702AD9491A00FAEC2E /* HTTPTask.swift in Sources */,
				9A4DC22F2AD8D0DF00FAEC2E /* AppCoordinator.swift in Sources */,
				9A4DC2512AD8E1F100FAEC2E /* NetworkAssembly.swift in Sources */,
				9A4DC2A32ADBED9500FAEC2E /* DetailedHeaderCell.swift in Sources */,
				9A4DC2912ADBD45F00FAEC2E /* UIImage+placeholder.swift in Sources */,
				9A4DC2562AD8E2CF00FAEC2E /* SearchAssebly.swift in Sources */,
				9A4DC26B2AD948AD00FAEC2E /* RequestError.swift in Sources */,
				9A4DC2652AD9483600FAEC2E /* ParameterEncoding.swift in Sources */,
				9A4DC25B2AD8ECAE00FAEC2E /* BaseCoordinator.swift in Sources */,
				9A4DC22A2AD8C98900FAEC2E /* GlobalConstants.swift in Sources */,
				9A4DC2812AD953FC00FAEC2E /* SearchResponse.swift in Sources */,
				9A4DC2352AD8D6A400FAEC2E /* Storyboardable.swift in Sources */,
				9A4DC2862ADBB67700FAEC2E /* OperationService.swift in Sources */,
				9A4DC2062AD8C7EC00FAEC2E /* AppDelegate.swift in Sources */,
				9A4DC2432AD8D81D00FAEC2E /* DetailedAssembly.swift in Sources */,
			);
			runOnlyForDeploymentPostprocessing = 0;
		};
		9A4DC21C2AD8C96900FAEC2E /* Sources */ = {
			isa = PBXSourcesBuildPhase;
			buildActionMask = 2147483647;
			files = (
				9A4DC2232AD8C96A00FAEC2E /* MoviesTests.swift in Sources */,
			);
			runOnlyForDeploymentPostprocessing = 0;
		};
/* End PBXSourcesBuildPhase section */

/* Begin PBXTargetDependency section */
		9A4DC2252AD8C96A00FAEC2E /* PBXTargetDependency */ = {
			isa = PBXTargetDependency;
			target = 9A4DC2012AD8C7EC00FAEC2E /* Movies */;
			targetProxy = 9A4DC2242AD8C96A00FAEC2E /* PBXContainerItemProxy */;
		};
/* End PBXTargetDependency section */

/* Begin PBXVariantGroup section */
		9A4DC2102AD8C7EE00FAEC2E /* LaunchScreen.storyboard */ = {
			isa = PBXVariantGroup;
			children = (
				9A4DC2112AD8C7EE00FAEC2E /* Base */,
			);
			name = LaunchScreen.storyboard;
			sourceTree = "<group>";
		};
/* End PBXVariantGroup section */

/* Begin XCBuildConfiguration section */
		9A4DC2142AD8C7EE00FAEC2E /* Debug */ = {
			isa = XCBuildConfiguration;
			buildSettings = {
				ALWAYS_SEARCH_USER_PATHS = NO;
				ASSETCATALOG_COMPILER_GENERATE_SWIFT_ASSET_SYMBOL_EXTENSIONS = YES;
				CLANG_ANALYZER_NONNULL = YES;
				CLANG_ANALYZER_NUMBER_OBJECT_CONVERSION = YES_AGGRESSIVE;
				CLANG_CXX_LANGUAGE_STANDARD = "gnu++20";
				CLANG_ENABLE_MODULES = YES;
				CLANG_ENABLE_OBJC_ARC = YES;
				CLANG_ENABLE_OBJC_WEAK = YES;
				CLANG_WARN_BLOCK_CAPTURE_AUTORELEASING = YES;
				CLANG_WARN_BOOL_CONVERSION = YES;
				CLANG_WARN_COMMA = YES;
				CLANG_WARN_CONSTANT_CONVERSION = YES;
				CLANG_WARN_DEPRECATED_OBJC_IMPLEMENTATIONS = YES;
				CLANG_WARN_DIRECT_OBJC_ISA_USAGE = YES_ERROR;
				CLANG_WARN_DOCUMENTATION_COMMENTS = YES;
				CLANG_WARN_EMPTY_BODY = YES;
				CLANG_WARN_ENUM_CONVERSION = YES;
				CLANG_WARN_INFINITE_RECURSION = YES;
				CLANG_WARN_INT_CONVERSION = YES;
				CLANG_WARN_NON_LITERAL_NULL_CONVERSION = YES;
				CLANG_WARN_OBJC_IMPLICIT_RETAIN_SELF = YES;
				CLANG_WARN_OBJC_LITERAL_CONVERSION = YES;
				CLANG_WARN_OBJC_ROOT_CLASS = YES_ERROR;
				CLANG_WARN_QUOTED_INCLUDE_IN_FRAMEWORK_HEADER = YES;
				CLANG_WARN_RANGE_LOOP_ANALYSIS = YES;
				CLANG_WARN_STRICT_PROTOTYPES = YES;
				CLANG_WARN_SUSPICIOUS_MOVE = YES;
				CLANG_WARN_UNGUARDED_AVAILABILITY = YES_AGGRESSIVE;
				CLANG_WARN_UNREACHABLE_CODE = YES;
				CLANG_WARN__DUPLICATE_METHOD_MATCH = YES;
				COPY_PHASE_STRIP = NO;
				DEBUG_INFORMATION_FORMAT = dwarf;
				ENABLE_STRICT_OBJC_MSGSEND = YES;
				ENABLE_TESTABILITY = YES;
				ENABLE_USER_SCRIPT_SANDBOXING = YES;
				GCC_C_LANGUAGE_STANDARD = gnu17;
				GCC_DYNAMIC_NO_PIC = NO;
				GCC_NO_COMMON_BLOCKS = YES;
				GCC_OPTIMIZATION_LEVEL = 0;
				GCC_PREPROCESSOR_DEFINITIONS = (
					"DEBUG=1",
					"$(inherited)",
				);
				GCC_WARN_64_TO_32_BIT_CONVERSION = YES;
				GCC_WARN_ABOUT_RETURN_TYPE = YES_ERROR;
				GCC_WARN_UNDECLARED_SELECTOR = YES;
				GCC_WARN_UNINITIALIZED_AUTOS = YES_AGGRESSIVE;
				GCC_WARN_UNUSED_FUNCTION = YES;
				GCC_WARN_UNUSED_VARIABLE = YES;
				IPHONEOS_DEPLOYMENT_TARGET = 17.0;
				LOCALIZATION_PREFERS_STRING_CATALOGS = YES;
				MTL_ENABLE_DEBUG_INFO = INCLUDE_SOURCE;
				MTL_FAST_MATH = YES;
				ONLY_ACTIVE_ARCH = YES;
				SDKROOT = iphoneos;
				SWIFT_ACTIVE_COMPILATION_CONDITIONS = "DEBUG $(inherited)";
				SWIFT_OPTIMIZATION_LEVEL = "-Onone";
			};
			name = Debug;
		};
		9A4DC2152AD8C7EE00FAEC2E /* Release */ = {
			isa = XCBuildConfiguration;
			buildSettings = {
				ALWAYS_SEARCH_USER_PATHS = NO;
				ASSETCATALOG_COMPILER_GENERATE_SWIFT_ASSET_SYMBOL_EXTENSIONS = YES;
				CLANG_ANALYZER_NONNULL = YES;
				CLANG_ANALYZER_NUMBER_OBJECT_CONVERSION = YES_AGGRESSIVE;
				CLANG_CXX_LANGUAGE_STANDARD = "gnu++20";
				CLANG_ENABLE_MODULES = YES;
				CLANG_ENABLE_OBJC_ARC = YES;
				CLANG_ENABLE_OBJC_WEAK = YES;
				CLANG_WARN_BLOCK_CAPTURE_AUTORELEASING = YES;
				CLANG_WARN_BOOL_CONVERSION = YES;
				CLANG_WARN_COMMA = YES;
				CLANG_WARN_CONSTANT_CONVERSION = YES;
				CLANG_WARN_DEPRECATED_OBJC_IMPLEMENTATIONS = YES;
				CLANG_WARN_DIRECT_OBJC_ISA_USAGE = YES_ERROR;
				CLANG_WARN_DOCUMENTATION_COMMENTS = YES;
				CLANG_WARN_EMPTY_BODY = YES;
				CLANG_WARN_ENUM_CONVERSION = YES;
				CLANG_WARN_INFINITE_RECURSION = YES;
				CLANG_WARN_INT_CONVERSION = YES;
				CLANG_WARN_NON_LITERAL_NULL_CONVERSION = YES;
				CLANG_WARN_OBJC_IMPLICIT_RETAIN_SELF = YES;
				CLANG_WARN_OBJC_LITERAL_CONVERSION = YES;
				CLANG_WARN_OBJC_ROOT_CLASS = YES_ERROR;
				CLANG_WARN_QUOTED_INCLUDE_IN_FRAMEWORK_HEADER = YES;
				CLANG_WARN_RANGE_LOOP_ANALYSIS = YES;
				CLANG_WARN_STRICT_PROTOTYPES = YES;
				CLANG_WARN_SUSPICIOUS_MOVE = YES;
				CLANG_WARN_UNGUARDED_AVAILABILITY = YES_AGGRESSIVE;
				CLANG_WARN_UNREACHABLE_CODE = YES;
				CLANG_WARN__DUPLICATE_METHOD_MATCH = YES;
				COPY_PHASE_STRIP = NO;
				DEBUG_INFORMATION_FORMAT = "dwarf-with-dsym";
				ENABLE_NS_ASSERTIONS = NO;
				ENABLE_STRICT_OBJC_MSGSEND = YES;
				ENABLE_USER_SCRIPT_SANDBOXING = YES;
				GCC_C_LANGUAGE_STANDARD = gnu17;
				GCC_NO_COMMON_BLOCKS = YES;
				GCC_WARN_64_TO_32_BIT_CONVERSION = YES;
				GCC_WARN_ABOUT_RETURN_TYPE = YES_ERROR;
				GCC_WARN_UNDECLARED_SELECTOR = YES;
				GCC_WARN_UNINITIALIZED_AUTOS = YES_AGGRESSIVE;
				GCC_WARN_UNUSED_FUNCTION = YES;
				GCC_WARN_UNUSED_VARIABLE = YES;
				IPHONEOS_DEPLOYMENT_TARGET = 17.0;
				LOCALIZATION_PREFERS_STRING_CATALOGS = YES;
				MTL_ENABLE_DEBUG_INFO = NO;
				MTL_FAST_MATH = YES;
				SDKROOT = iphoneos;
				SWIFT_COMPILATION_MODE = wholemodule;
				VALIDATE_PRODUCT = YES;
			};
			name = Release;
		};
		9A4DC2172AD8C7EE00FAEC2E /* Debug */ = {
			isa = XCBuildConfiguration;
			baseConfigurationReference = 04CFC22DC74FFE146F03D2DA /* Pods-Movies.debug.xcconfig */;
			buildSettings = {
				ASSETCATALOG_COMPILER_APPICON_NAME = AppIcon;
				ASSETCATALOG_COMPILER_GLOBAL_ACCENT_COLOR_NAME = AccentColor;
				CODE_SIGN_STYLE = Automatic;
				CURRENT_PROJECT_VERSION = 1;
				DEVELOPMENT_TEAM = 8X8NDN458D;
				ENABLE_USER_SCRIPT_SANDBOXING = NO;
				GENERATE_INFOPLIST_FILE = YES;
				INFOPLIST_FILE = Movies/Info.plist;
				INFOPLIST_KEY_UIApplicationSupportsIndirectInputEvents = YES;
				INFOPLIST_KEY_UILaunchStoryboardName = LaunchScreen;
				INFOPLIST_KEY_UIMainStoryboardFile = Main;
				INFOPLIST_KEY_UISupportedInterfaceOrientations_iPad = "UIInterfaceOrientationPortrait UIInterfaceOrientationPortraitUpsideDown UIInterfaceOrientationLandscapeLeft UIInterfaceOrientationLandscapeRight";
				INFOPLIST_KEY_UISupportedInterfaceOrientations_iPhone = "UIInterfaceOrientationPortrait UIInterfaceOrientationLandscapeLeft UIInterfaceOrientationLandscapeRight";
				IPHONEOS_DEPLOYMENT_TARGET = 16.0;
				LD_RUNPATH_SEARCH_PATHS = (
					"$(inherited)",
					"@executable_path/Frameworks",
				);
				MARKETING_VERSION = 1.0;
				PRODUCT_BUNDLE_IDENTIFIER = akonoplev.com.Movies;
				PRODUCT_NAME = "$(TARGET_NAME)";
				SWIFT_EMIT_LOC_STRINGS = YES;
				SWIFT_VERSION = 5.0;
				TARGETED_DEVICE_FAMILY = "1,2";
			};
			name = Debug;
		};
		9A4DC2182AD8C7EE00FAEC2E /* Release */ = {
			isa = XCBuildConfiguration;
			baseConfigurationReference = A77B69A3FFE51F3FE4255311 /* Pods-Movies.release.xcconfig */;
			buildSettings = {
				ASSETCATALOG_COMPILER_APPICON_NAME = AppIcon;
				ASSETCATALOG_COMPILER_GLOBAL_ACCENT_COLOR_NAME = AccentColor;
				CODE_SIGN_STYLE = Automatic;
				CURRENT_PROJECT_VERSION = 1;
				DEVELOPMENT_TEAM = 8X8NDN458D;
				ENABLE_USER_SCRIPT_SANDBOXING = NO;
				GENERATE_INFOPLIST_FILE = YES;
				INFOPLIST_FILE = Movies/Info.plist;
				INFOPLIST_KEY_UIApplicationSupportsIndirectInputEvents = YES;
				INFOPLIST_KEY_UILaunchStoryboardName = LaunchScreen;
				INFOPLIST_KEY_UIMainStoryboardFile = Main;
				INFOPLIST_KEY_UISupportedInterfaceOrientations_iPad = "UIInterfaceOrientationPortrait UIInterfaceOrientationPortraitUpsideDown UIInterfaceOrientationLandscapeLeft UIInterfaceOrientationLandscapeRight";
				INFOPLIST_KEY_UISupportedInterfaceOrientations_iPhone = "UIInterfaceOrientationPortrait UIInterfaceOrientationLandscapeLeft UIInterfaceOrientationLandscapeRight";
				IPHONEOS_DEPLOYMENT_TARGET = 16.0;
				LD_RUNPATH_SEARCH_PATHS = (
					"$(inherited)",
					"@executable_path/Frameworks",
				);
				MARKETING_VERSION = 1.0;
				PRODUCT_BUNDLE_IDENTIFIER = akonoplev.com.Movies;
				PRODUCT_NAME = "$(TARGET_NAME)";
				SWIFT_EMIT_LOC_STRINGS = YES;
				SWIFT_VERSION = 5.0;
				TARGETED_DEVICE_FAMILY = "1,2";
			};
			name = Release;
		};
		9A4DC2272AD8C96A00FAEC2E /* Debug */ = {
			isa = XCBuildConfiguration;
			baseConfigurationReference = 71B2B48FAEE1A25AFBA08D90 /* Pods-MoviesTests.debug.xcconfig */;
			buildSettings = {
				BUNDLE_LOADER = "$(TEST_HOST)";
				CODE_SIGN_STYLE = Automatic;
				CURRENT_PROJECT_VERSION = 1;
				DEVELOPMENT_TEAM = YPFNCC4WXQ;
				GENERATE_INFOPLIST_FILE = YES;
				MARKETING_VERSION = 1.0;
				PRODUCT_BUNDLE_IDENTIFIER = akonoplev.com.MoviesTests;
				PRODUCT_NAME = "$(TARGET_NAME)";
				SWIFT_EMIT_LOC_STRINGS = NO;
				SWIFT_VERSION = 5.0;
				TARGETED_DEVICE_FAMILY = "1,2";
				TEST_HOST = "$(BUILT_PRODUCTS_DIR)/Movies.app/$(BUNDLE_EXECUTABLE_FOLDER_PATH)/Movies";
			};
			name = Debug;
		};
		9A4DC2282AD8C96A00FAEC2E /* Release */ = {
			isa = XCBuildConfiguration;
			baseConfigurationReference = CB88E2195322093C2FC4A448 /* Pods-MoviesTests.release.xcconfig */;
			buildSettings = {
				BUNDLE_LOADER = "$(TEST_HOST)";
				CODE_SIGN_STYLE = Automatic;
				CURRENT_PROJECT_VERSION = 1;
				DEVELOPMENT_TEAM = YPFNCC4WXQ;
				GENERATE_INFOPLIST_FILE = YES;
				MARKETING_VERSION = 1.0;
				PRODUCT_BUNDLE_IDENTIFIER = akonoplev.com.MoviesTests;
				PRODUCT_NAME = "$(TARGET_NAME)";
				SWIFT_EMIT_LOC_STRINGS = NO;
				SWIFT_VERSION = 5.0;
				TARGETED_DEVICE_FAMILY = "1,2";
				TEST_HOST = "$(BUILT_PRODUCTS_DIR)/Movies.app/$(BUNDLE_EXECUTABLE_FOLDER_PATH)/Movies";
			};
			name = Release;
		};
/* End XCBuildConfiguration section */

/* Begin XCConfigurationList section */
		9A4DC1FD2AD8C7EC00FAEC2E /* Build configuration list for PBXProject "Movies" */ = {
			isa = XCConfigurationList;
			buildConfigurations = (
				9A4DC2142AD8C7EE00FAEC2E /* Debug */,
				9A4DC2152AD8C7EE00FAEC2E /* Release */,
			);
			defaultConfigurationIsVisible = 0;
			defaultConfigurationName = Release;
		};
		9A4DC2162AD8C7EE00FAEC2E /* Build configuration list for PBXNativeTarget "Movies" */ = {
			isa = XCConfigurationList;
			buildConfigurations = (
				9A4DC2172AD8C7EE00FAEC2E /* Debug */,
				9A4DC2182AD8C7EE00FAEC2E /* Release */,
			);
			defaultConfigurationIsVisible = 0;
			defaultConfigurationName = Release;
		};
		9A4DC2262AD8C96A00FAEC2E /* Build configuration list for PBXNativeTarget "MoviesTests" */ = {
			isa = XCConfigurationList;
			buildConfigurations = (
				9A4DC2272AD8C96A00FAEC2E /* Debug */,
				9A4DC2282AD8C96A00FAEC2E /* Release */,
			);
			defaultConfigurationIsVisible = 0;
			defaultConfigurationName = Release;
		};
/* End XCConfigurationList section */

/* Begin XCRemoteSwiftPackageReference section */
		9A4DC28C2ADBC0CA00FAEC2E /* XCRemoteSwiftPackageReference "SDWebImageSwiftUI" */ = {
			isa = XCRemoteSwiftPackageReference;
			repositoryURL = "https://github.com/SDWebImage/SDWebImageSwiftUI.git";
			requirement = {
				kind = upToNextMajorVersion;
				minimumVersion = 2.2.3;
			};
		};
		9A4DC2CB2ADD099C00FAEC2E /* XCRemoteSwiftPackageReference "Reachability" */ = {
			isa = XCRemoteSwiftPackageReference;
			repositoryURL = "https://github.com/ashleymills/Reachability.swift";
			requirement = {
				branch = master;
				kind = branch;
			};
		};
		9AB460132ADE0498000BEE94 /* XCRemoteSwiftPackageReference "SPIndicator" */ = {
			isa = XCRemoteSwiftPackageReference;
			repositoryURL = "https://github.com/ivanvorobei/SPIndicator";
			requirement = {
				kind = upToNextMajorVersion;
				minimumVersion = 1.6.5;
			};
		};
/* End XCRemoteSwiftPackageReference section */

/* Begin XCSwiftPackageProductDependency section */
		9A4DC28D2ADBC0CA00FAEC2E /* SDWebImageSwiftUI */ = {
			isa = XCSwiftPackageProductDependency;
			package = 9A4DC28C2ADBC0CA00FAEC2E /* XCRemoteSwiftPackageReference "SDWebImageSwiftUI" */;
			productName = SDWebImageSwiftUI;
		};
		9A4DC2CC2ADD099C00FAEC2E /* Reachability */ = {
			isa = XCSwiftPackageProductDependency;
			package = 9A4DC2CB2ADD099C00FAEC2E /* XCRemoteSwiftPackageReference "Reachability" */;
			productName = Reachability;
		};
		9AB460142ADE0498000BEE94 /* SPIndicator */ = {
			isa = XCSwiftPackageProductDependency;
			package = 9AB460132ADE0498000BEE94 /* XCRemoteSwiftPackageReference "SPIndicator" */;
			productName = SPIndicator;
		};
/* End XCSwiftPackageProductDependency section */

/* Begin XCVersionGroup section */
		9A4DC2BE2ADCFD1F00FAEC2E /* MovieDataStackModel.xcdatamodeld */ = {
			isa = XCVersionGroup;
			children = (
				9A4DC2BF2ADCFD1F00FAEC2E /* MovieDataStackModel.xcdatamodel */,
			);
			currentVersion = 9A4DC2BF2ADCFD1F00FAEC2E /* MovieDataStackModel.xcdatamodel */;
			path = MovieDataStackModel.xcdatamodeld;
			sourceTree = "<group>";
			versionGroupType = wrapper.xcdatamodel;
		};
/* End XCVersionGroup section */
	};
	rootObject = 9A4DC1FA2AD8C7EC00FAEC2E /* Project object */;
}
